
Microsoft Visual Studio Solution File, Format Version 12.00
# Visual Studio Version 17
VisualStudioVersion = 17.13.35825.156
MinimumVisualStudioVersion = 10.0.40219.1
Project("{FAE04EC0-301F-11D3-BF4B-00C04F79EFBC}") = "StreamSync", "StreamSync\StreamSync.csproj", "{4D9E89CA-AFDD-4BFC-9181-22351AD37527}"
EndProject
Project("{FAE04EC0-301F-11D3-BF4B-00C04F79EFBC}") = "StreamSync.Tests", "StreamSync.Tests\StreamSync.Tests.csproj", "{D726D08F-70D4-43EB-AEC1-6C0D7937BD4C}"
EndProject
Global
	GlobalSection(SolutionConfigurationPlatforms) = preSolution
		Debug|Any CPU = Debug|Any CPU
		Debug|x64 = Debug|x64
		Debug|x86 = Debug|x86
		Release|Any CPU = Release|Any CPU
		Release|x64 = Release|x64
		Release|x86 = Release|x86
	EndGlobalSection
	GlobalSection(ProjectConfigurationPlatforms) = postSolution
		{4D9E89CA-AFDD-4BFC-9181-22351AD37527}.Debug|Any CPU.ActiveCfg = Debug|Any CPU
		{4D9E89CA-AFDD-4BFC-9181-22351AD37527}.Debug|Any CPU.Build.0 = Debug|Any CPU
		{4D9E89CA-AFDD-4BFC-9181-22351AD37527}.Debug|x64.ActiveCfg = Debug|Any CPU
		{4D9E89CA-AFDD-4BFC-9181-22351AD37527}.Debug|x64.Build.0 = Debug|Any CPU
		{4D9E89CA-AFDD-4BFC-9181-22351AD37527}.Debug|x86.ActiveCfg = Debug|Any CPU
		{4D9E89CA-AFDD-4BFC-9181-22351AD37527}.Debug|x86.Build.0 = Debug|Any CPU
		{4D9E89CA-AFDD-4BFC-9181-22351AD37527}.Release|Any CPU.ActiveCfg = Release|Any CPU
		{4D9E89CA-AFDD-4BFC-9181-22351AD37527}.Release|Any CPU.Build.0 = Release|Any CPU
		{4D9E89CA-AFDD-4BFC-9181-22351AD37527}.Release|x64.ActiveCfg = Release|Any CPU
		{4D9E89CA-AFDD-4BFC-9181-22351AD37527}.Release|x64.Build.0 = Release|Any CPU
		{4D9E89CA-AFDD-4BFC-9181-22351AD37527}.Release|x86.ActiveCfg = Release|Any CPU
		{4D9E89CA-AFDD-4BFC-9181-22351AD37527}.Release|x86.Build.0 = Release|Any CPU
		{D726D08F-70D4-43EB-AEC1-6C0D7937BD4C}.Debug|Any CPU.ActiveCfg = Debug|Any CPU
		{D726D08F-70D4-43EB-AEC1-6C0D7937BD4C}.Debug|Any CPU.Build.0 = Debug|Any CPU
		{D726D08F-70D4-43EB-AEC1-6C0D7937BD4C}.Debug|x64.ActiveCfg = Debug|Any CPU
		{D726D08F-70D4-43EB-AEC1-6C0D7937BD4C}.Debug|x64.Build.0 = Debug|Any CPU
		{D726D08F-70D4-43EB-AEC1-6C0D7937BD4C}.Debug|x86.ActiveCfg = Debug|Any CPU
		{D726D08F-70D4-43EB-AEC1-6C0D7937BD4C}.Debug|x86.Build.0 = Debug|Any CPU
		{D726D08F-70D4-43EB-AEC1-6C0D7937BD4C}.Release|Any CPU.ActiveCfg = Release|Any CPU
		{D726D08F-70D4-43EB-AEC1-6C0D7937BD4C}.Release|Any CPU.Build.0 = Release|Any CPU
		{D726D08F-70D4-43EB-AEC1-6C0D7937BD4C}.Release|x64.ActiveCfg = Release|Any CPU
		{D726D08F-70D4-43EB-AEC1-6C0D7937BD4C}.Release|x64.Build.0 = Release|Any CPU
		{D726D08F-70D4-43EB-AEC1-6C0D7937BD4C}.Release|x86.ActiveCfg = Release|Any CPU
		{D726D08F-70D4-43EB-AEC1-6C0D7937BD4C}.Release|x86.Build.0 = Release|Any CPU
	EndGlobalSection
	GlobalSection(SolutionProperties) = preSolution
		HideSolutionNode = FALSE
	EndGlobalSection
	GlobalSection(ExtensibilityGlobals) = postSolution
		SolutionGuid = {8E9C9D6A-FB6D-4F13-9EA7-7D42DC458BAB}
	EndGlobalSection
EndGlobal
